
Microsoft Visual Studio Solution File, Format Version 12.00
# Visual Studio Version 16
VisualStudioVersion = 16.0.29409.12
MinimumVisualStudioVersion = 10.0.40219.1
Project("{8BC9CEB8-8B4A-11D0-8D11-00A0C91BC942}") = "BOUN", "BOUN.vcxproj", "{85CC2154-B0C0-4127-B8EE-E343EC7387E7}"
EndProject
Global
	GlobalSection(SolutionConfigurationPlatforms) = preSolution
		Debug|x86 = Debug|x86
		Release|x86 = Release|x86
	EndGlobalSection
	GlobalSection(ProjectConfigurationPlatforms) = postSolution
		{85CC2154-B0C0-4127-B8EE-E343EC7387E7}.Debug|x86.ActiveCfg = Debug|Win32
		{85CC2154-B0C0-4127-B8EE-E343EC7387E7}.Debug|x86.Build.0 = Debug|Win32
		{85CC2154-B0C0-4127-B8EE-E343EC7387E7}.Release|x86.ActiveCfg = Release|Win32
		{85CC2154-B0C0-4127-B8EE-E343EC7387E7}.Release|x86.Build.0 = Release|Win32
	EndGlobalSection
	GlobalSection(SolutionProperties) = preSolution
		HideSolutionNode = FALSE
	EndGlobalSection
	GlobalSection(ExtensibilityGlobals) = postSolution
		SolutionGuid = {892E7A11-0555-42A9-B058-672A13E5F25E}
	EndGlobalSection
EndGlobal
